// !$*UTF8*$!
{
	archiveVersion = 1;
	classes = {
	};
	objectVersion = 56;
	objects = {

/* Begin PBXBuildFile section */
		15B0BB1EC19911A3F447DEC7 /* F1DBService.swift in Sources */ = {isa = PBXBuildFile; fileRef = 6FA90A8572823E4E34014010 /* F1DBService.swift */; };
		2016E6C6DFAA5FAE94A11EB9 /* F1DBService+Shared.swift in Sources */ = {isa = PBXBuildFile; fileRef = 46735E2E28FE653C6217EBD4 /* F1DBService+Shared.swift */; };
		5A0D1B6A1F1D4F1A8E1A2B3C4D5E6F90 /* Formula1App.swift in Sources */ = {isa = PBXBuildFile; fileRef = 5A0D1B6A1F1D4F1A8E1A2B3C4D5E6F86 /* Formula1App.swift */; };
		5A0D1B6A1F1D4F1A8E1A2B3C4D5E6F92 /* Assets.xcassets in Resources */ = {isa = PBXBuildFile; fileRef = 5A0D1B6A1F1D4F1A8E1A2B3C4D5E6F88 /* Assets.xcassets */; };
		5A0D1B6A1F1D4F1A8E1A2B3C4D5E6F93 /* Preview Assets.xcassets in Resources */ = {isa = PBXBuildFile; fileRef = 5A0D1B6A1F1D4F1A8E1A2B3C4D5E6F89 /* Preview Assets.xcassets */; };
		5A0D1B6A1F1D4F1A8E1A2B3C4D5E6FC1 /* AppCoordinator.swift in Sources */ = {isa = PBXBuildFile; fileRef = 5A0D1B6A1F1D4F1A8E1A2B3C4D5E6FB0 /* AppCoordinator.swift */; };
		5A0D1B6A1F1D4F1A8E1A2B3C4D5E6FC2 /* Race.swift in Sources */ = {isa = PBXBuildFile; fileRef = 5A0D1B6A1F1D4F1A8E1A2B3C4D5E6FB1 /* Race.swift */; };
		5A0D1B6A1F1D4F1A8E1A2B3C4D5E6FC3 /* Driver.swift in Sources */ = {isa = PBXBuildFile; fileRef = 5A0D1B6A1F1D4F1A8E1A2B3C4D5E6FB2 /* Driver.swift */; };
		5A0D1B6A1F1D4F1A8E1A2B3C4D5E6FC4 /* Coordinator.swift in Sources */ = {isa = PBXBuildFile; fileRef = 5A0D1B6A1F1D4F1A8E1A2B3C4D5E6FB3 /* Coordinator.swift */; };
		5A0D1B6A1F1D4F1A8E1A2B3C4D5E6FC5 /* RaceServiceProtocol.swift in Sources */ = {isa = PBXBuildFile; fileRef = 5A0D1B6A1F1D4F1A8E1A2B3C4D5E6FB4 /* RaceServiceProtocol.swift */; };
		5A0D1B6A1F1D4F1A8E1A2B3C4D5E6FC6 /* DriverServiceProtocol.swift in Sources */ = {isa = PBXBuildFile; fileRef = 5A0D1B6A1F1D4F1A8E1A2B3C4D5E6FB5 /* DriverServiceProtocol.swift */; };
		5A0D1B6A1F1D4F1A8E1A2B3C4D5E6FC7 /* RaceService.swift in Sources */ = {isa = PBXBuildFile; fileRef = 5A0D1B6A1F1D4F1A8E1A2B3C4D5E6FB6 /* RaceService.swift */; };
		5A0D1B6A1F1D4F1A8E1A2B3C4D5E6FC8 /* DriverService.swift in Sources */ = {isa = PBXBuildFile; fileRef = 5A0D1B6A1F1D4F1A8E1A2B3C4D5E6FB7 /* DriverService.swift */; };
		5A0D1B6A1F1D4F1A8E1A2B3C4D5E6FC9 /* RaceListViewModel.swift in Sources */ = {isa = PBXBuildFile; fileRef = 5A0D1B6A1F1D4F1A8E1A2B3C4D5E6FB8 /* RaceListViewModel.swift */; };
		5A0D1B6A1F1D4F1A8E1A2B3C4D5E6FCA /* RaceDetailViewModel.swift in Sources */ = {isa = PBXBuildFile; fileRef = 5A0D1B6A1F1D4F1A8E1A2B3C4D5E6FB9 /* RaceDetailViewModel.swift */; };
		5A0D1B6A1F1D4F1A8E1A2B3C4D5E6FCB /* DriverListViewModel.swift in Sources */ = {isa = PBXBuildFile; fileRef = 5A0D1B6A1F1D4F1A8E1A2B3C4D5E6FBA /* DriverListViewModel.swift */; };
		5A0D1B6A1F1D4F1A8E1A2B3C4D5E6FCC /* DriverDetailViewModel.swift in Sources */ = {isa = PBXBuildFile; fileRef = 5A0D1B6A1F1D4F1A8E1A2B3C4D5E6FBB /* DriverDetailViewModel.swift */; };
		5A0D1B6A1F1D4F1A8E1A2B3C4D5E6FCD /* RaceListView.swift in Sources */ = {isa = PBXBuildFile; fileRef = 5A0D1B6A1F1D4F1A8E1A2B3C4D5E6FBC /* RaceListView.swift */; };
		5A0D1B6A1F1D4F1A8E1A2B3C4D5E6FCE /* RaceDetailView.swift in Sources */ = {isa = PBXBuildFile; fileRef = 5A0D1B6A1F1D4F1A8E1A2B3C4D5E6FBD /* RaceDetailView.swift */; };
		5A0D1B6A1F1D4F1A8E1A2B3C4D5E6FCF /* DriverListView.swift in Sources */ = {isa = PBXBuildFile; fileRef = 5A0D1B6A1F1D4F1A8E1A2B3C4D5E6FBE /* DriverListView.swift */; };
		5A0D1B6A1F1D4F1A8E1A2B3C4D5E6FD0 /* DriverDetailView.swift in Sources */ = {isa = PBXBuildFile; fileRef = 5A0D1B6A1F1D4F1A8E1A2B3C4D5E6FBF /* DriverDetailView.swift */; };
		5A0D1B6A2F1D4F1A8E1A2B3C4D5E8000 /* Theme.swift in Sources */ = {isa = PBXBuildFile; fileRef = 5A0D1B6A2F1D4F1A8E1A2B3C4D5E7000 /* Theme.swift */; };
		5A0D1B6A2F1D4F1A8E1A2B3C4D5E8001 /* F1Colors.swift in Sources */ = {isa = PBXBuildFile; fileRef = 5A0D1B6A2F1D4F1A8E1A2B3C4D5E7001 /* F1Colors.swift */; };
		5A0D1B6A2F1D4F1A8E1A2B3C4D5E8002 /* GlassCard.swift in Sources */ = {isa = PBXBuildFile; fileRef = 5A0D1B6A2F1D4F1A8E1A2B3C4D5E7002 /* GlassCard.swift */; };
		5A0D1B6A2F1D4F1A8E1A2B3C4D5E8003 /* ConstructorColorBar.swift in Sources */ = {isa = PBXBuildFile; fileRef = 5A0D1B6A2F1D4F1A8E1A2B3C4D5E7003 /* ConstructorColorBar.swift */; };
		5A0D1B6A2F1D4F1A8E1A2B3C4D5E8004 /* PositionBadge.swift in Sources */ = {isa = PBXBuildFile; fileRef = 5A0D1B6A2F1D4F1A8E1A2B3C4D5E7004 /* PositionBadge.swift */; };
		5A0D1B6A2F1D4F1A8E1A2B3C4D5E8005 /* PointsBar.swift in Sources */ = {isa = PBXBuildFile; fileRef = 5A0D1B6A2F1D4F1A8E1A2B3C4D5E7005 /* PointsBar.swift */; };
		5A0D1B6A2F1D4F1A8E1A2B3C4D5E8006 /* PodiumView.swift in Sources */ = {isa = PBXBuildFile; fileRef = 5A0D1B6A2F1D4F1A8E1A2B3C4D5E7006 /* PodiumView.swift */; };
		5A0D1B6A2F1D4F1A8E1A2B3C4D5E8007 /* CountdownView.swift in Sources */ = {isa = PBXBuildFile; fileRef = 5A0D1B6A2F1D4F1A8E1A2B3C4D5E7007 /* CountdownView.swift */; };
		5A0D1B6A2F1D4F1A8E1A2B3C4D5E8008 /* DriverPhotoView.swift in Sources */ = {isa = PBXBuildFile; fileRef = 5A0D1B6A2F1D4F1A8E1A2B3C4D5E7008 /* DriverPhotoView.swift */; };
		5A0D1B6A2F1D4F1A8E1A2B3C4D5E8009 /* Constructor.swift in Sources */ = {isa = PBXBuildFile; fileRef = 5A0D1B6A2F1D4F1A8E1A2B3C4D5E7009 /* Constructor.swift */; };
		5A0D1B6A2F1D4F1A8E1A2B3C4D5E800A /* ConstructorStanding.swift in Sources */ = {isa = PBXBuildFile; fileRef = 5A0D1B6A2F1D4F1A8E1A2B3C4D5E700A /* ConstructorStanding.swift */; };
		5A0D1B6A2F1D4F1A8E1A2B3C4D5E800B /* NewsArticle.swift in Sources */ = {isa = PBXBuildFile; fileRef = 5A0D1B6A2F1D4F1A8E1A2B3C4D5E700B /* NewsArticle.swift */; };
		5A0D1B6A2F1D4F1A8E1A2B3C4D5E800C /* ConstructorServiceProtocol.swift in Sources */ = {isa = PBXBuildFile; fileRef = 5A0D1B6A2F1D4F1A8E1A2B3C4D5E700C /* ConstructorServiceProtocol.swift */; };
		5A0D1B6A2F1D4F1A8E1A2B3C4D5E800D /* ConstructorService.swift in Sources */ = {isa = PBXBuildFile; fileRef = 5A0D1B6A2F1D4F1A8E1A2B3C4D5E700D /* ConstructorService.swift */; };
		5A0D1B6A2F1D4F1A8E1A2B3C4D5E800E /* ConstructorStandingsViewModel.swift in Sources */ = {isa = PBXBuildFile; fileRef = 5A0D1B6A2F1D4F1A8E1A2B3C4D5E700E /* ConstructorStandingsViewModel.swift */; };
		5A0D1B6A2F1D4F1A8E1A2B3C4D5E800F /* NewsViewModel.swift in Sources */ = {isa = PBXBuildFile; fileRef = 5A0D1B6A2F1D4F1A8E1A2B3C4D5E700F /* NewsViewModel.swift */; };
		5A0D1B6A2F1D4F1A8E1A2B3C4D5E8010 /* ConstructorStandingsView.swift in Sources */ = {isa = PBXBuildFile; fileRef = 5A0D1B6A2F1D4F1A8E1A2B3C4D5E7010 /* ConstructorStandingsView.swift */; };
		5A0D1B6A2F1D4F1A8E1A2B3C4D5E8011 /* ConstructorDetailView.swift in Sources */ = {isa = PBXBuildFile; fileRef = 5A0D1B6A2F1D4F1A8E1A2B3C4D5E7011 /* ConstructorDetailView.swift */; };
		5A0D1B6A2F1D4F1A8E1A2B3C4D5E8012 /* NewsListView.swift in Sources */ = {isa = PBXBuildFile; fileRef = 5A0D1B6A2F1D4F1A8E1A2B3C4D5E7012 /* NewsListView.swift */; };
		5A0D1B6A2F1D4F1A8E1A2B3C4D5E8013 /* MockData.swift in Sources */ = {isa = PBXBuildFile; fileRef = 5A0D1B6A2F1D4F1A8E1A2B3C4D5E7013 /* MockData.swift */; };
		5A0D1B6A2F1D4F1A8E1A2B3C4D5E8014 /* SplashScreenView.swift in Sources */ = {isa = PBXBuildFile; fileRef = 5A0D1B6A2F1D4F1A8E1A2B3C4D5E7014 /* SplashScreenView.swift */; };
		F1E2D3C4B5A69876543210FE /* AISettingsView.swift in Sources */ = {isa = PBXBuildFile; fileRef = ABCDEF1234567890ABCDEF12 /* AISettingsView.swift */; };
		5A0D1B6A2F1D4F1A8E1A2B3C4D5E8015 /* F1Media.swift in Sources */ = {isa = PBXBuildFile; fileRef = 5A0D1B6A2F1D4F1A8E1A2B3C4D5E7015 /* F1Media.swift */; };
		5A0D1B6A2F1D4F1A8E1A2B3C4D5E8016 /* F1LogoShape.swift in Sources */ = {isa = PBXBuildFile; fileRef = 5A0D1B6A2F1D4F1A8E1A2B3C4D5E7016 /* F1LogoShape.swift */; };
		5A0D1B6A2F1D4F1A8E1A2B3C4D5E8017 /* LaunchScreen.storyboard in Resources */ = {isa = PBXBuildFile; fileRef = 5A0D1B6A2F1D4F1A8E1A2B3C4D5E7017 /* LaunchScreen.storyboard */; };
		5A0D1B6A2F1D4F1A8E1A2B3C4D5E8018 /* Localization.swift in Sources */ = {isa = PBXBuildFile; fileRef = 5A0D1B6A2F1D4F1A8E1A2B3C4D5E7018 /* Localization.swift */; };
		5A0D1B6A2F1D4F1A8E1A2B3C4D5E8019 /* Localizable.strings in Resources */ = {isa = PBXBuildFile; fileRef = 5A0D1B6A2F1D4F1A8E1A2B3C4D5E7019 /* Localizable.strings */; };
		5A0D1B6A2F1D4F1A8E1A2B3C4D5E8020 /* APIClient.swift in Sources */ = {isa = PBXBuildFile; fileRef = 5A0D1B6A2F1D4F1A8E1A2B3C4D5E7020 /* APIClient.swift */; };		5A0D1B6A2F1D4F1A8E1A2B3C4D5E8022 /* NewsServiceProtocol.swift in Sources */ = {isa = PBXBuildFile; fileRef = 5A0D1B6A2F1D4F1A8E1A2B3C4D5E7022 /* NewsServiceProtocol.swift */; };
		5A0D1B6A2F1D4F1A8E1A2B3C4D5E8023 /* NewsService.swift in Sources */ = {isa = PBXBuildFile; fileRef = 5A0D1B6A2F1D4F1A8E1A2B3C4D5E7023 /* NewsService.swift */; };
		5A0D1B6A2F1D4F1A8E1A2B3C4D5E8024 /* CircuitTrackView.swift in Sources */ = {isa = PBXBuildFile; fileRef = 5A0D1B6A2F1D4F1A8E1A2B3C4D5E7024 /* CircuitTrackView.swift */; };
		5A0D1B6A2F1D4F1A8E1A2B3C4D5E8026 /* demo.mp4 in Resources */ = {isa = PBXBuildFile; fileRef = 5A0D1B6A2F1D4F1A8E1A2B3C4D5E8025 /* demo.mp4 */; };
		5A0D1B6A2F1D4F1A8E1A2B3C4D5E8028 /* ConstructorDetailViewModel.swift in Sources */ = {isa = PBXBuildFile; fileRef = 5A0D1B6A2F1D4F1A8E1A2B3C4D5E8027 /* ConstructorDetailViewModel.swift */; };		8B8AC7A41328CA6E80124B46 /* F1DBConstructorSections.swift in Sources */ = {isa = PBXBuildFile; fileRef = 9A2DABF96439E66F9759928D /* F1DBConstructorSections.swift */; };
		A84466CE15A0CC84538FD987 /* F1DBDriverSections.swift in Sources */ = {isa = PBXBuildFile; fileRef = 11A3DF8628B40E3762695FFD /* F1DBDriverSections.swift */; };
		B8863F1171CB0611B5E00903 /* F1DBRaceSections.swift in Sources */ = {isa = PBXBuildFile; fileRef = CFD2961AD3C29E345CB4812E /* F1DBRaceSections.swift */; };
		D6E6A5976194A13C02AE2BD0 /* VideoItem.swift in Sources */ = {isa = PBXBuildFile; fileRef = 59C7D0EA292A3486F7FDCAD9 /* VideoItem.swift */; };
		EAB20F4164E616DB1E646F45 /* YouTubeService.swift in Sources */ = {isa = PBXBuildFile; fileRef = 35A8326658B316E7B1829E12 /* YouTubeService.swift */; };
		5A0D1B6A2F1D4F1A8E1A2B3C4D5E8029 /* SideMenu.swift in Sources */ = {isa = PBXBuildFile; fileRef = 5A0D1B6A2F1D4F1A8E1A2B3C4D5E7025 /* SideMenu.swift */; };
		5A0D1B6A2F1D4F1A8E1A2B3C4D5E8032 /* f1db.json in Resources */ = {isa = PBXBuildFile; fileRef = 5A0D1B6A2F1D4F1A8E1A2B3C4D5E8031 /* f1db.json */; };
		E93C694710AA4F8AAB227673 /* JolpicaRaceModels.swift in Sources */ = {isa = PBXBuildFile; fileRef = 6A41FCA0EDFB4C0E91AB8D0E /* JolpicaRaceModels.swift */; };
		BD37B6ACBE084E8DADFC5E7D /* JolpicaStandingsModels.swift in Sources */ = {isa = PBXBuildFile; fileRef = A300C5065B474CFB84D1C6AB /* JolpicaStandingsModels.swift */; };
		7FF3FD8FC48C4CDF89FA50D8 /* F1DBRoot.swift in Sources */ = {isa = PBXBuildFile; fileRef = D646E0D59414418AB3550D5A /* F1DBRoot.swift */; };
		8913A26D05334012A7E3D52B /* F1DBDriver.swift in Sources */ = {isa = PBXBuildFile; fileRef = 5EFE92D05BAA45848FACAD1F /* F1DBDriver.swift */; };
		82A246781F1A494591F6CA07 /* F1DBConstructor.swift in Sources */ = {isa = PBXBuildFile; fileRef = A5473D6B77584860A8FF334D /* F1DBConstructor.swift */; };
		4790EB1256454B7BA15C9664 /* F1DBCircuit.swift in Sources */ = {isa = PBXBuildFile; fileRef = 70FD5A3A19144A0D8BD99F02 /* F1DBCircuit.swift */; };
		A3D359D7759A47F0909E75FC /* F1DBGrandPrix.swift in Sources */ = {isa = PBXBuildFile; fileRef = F777E148163C4341A8D87320 /* F1DBGrandPrix.swift */; };
		1DECB60D746443E6A1658126 /* F1DBRace.swift in Sources */ = {isa = PBXBuildFile; fileRef = DC1170FA7E14480A923883E9 /* F1DBRace.swift */; };
		70D40457003341489AE01566 /* F1DBSeason.swift in Sources */ = {isa = PBXBuildFile; fileRef = F7874DDEC38B4E849C47BB59 /* F1DBSeason.swift */; };
		F33F611ADF8B4C57A1371571 /* F1DBGeography.swift in Sources */ = {isa = PBXBuildFile; fileRef = 663ABD3B43B7440C8A23CA77 /* F1DBGeography.swift */; };
		376564B717DD4FFD9B59E7EB /* F1DBSupport.swift in Sources */ = {isa = PBXBuildFile; fileRef = BDDC635F866047BD9287A336 /* F1DBSupport.swift */; };
		4B5D2043F5474904B5828382 /* RaceCircuitView.swift in Sources */ = {isa = PBXBuildFile; fileRef = D60EB6FDF2B649AE8F874FA5 /* RaceCircuitView.swift */; };
		F51AB33CBF4B4CC4A993F67D /* RaceWinnerCard.swift in Sources */ = {isa = PBXBuildFile; fileRef = 5A21EBAC9FF94F37B877D08D /* RaceWinnerCard.swift */; };
		C4BB4B20F71941BC9A512EC7 /* RaceFastestLapCard.swift in Sources */ = {isa = PBXBuildFile; fileRef = 73EAE29F39564B57AB6558D5 /* RaceFastestLapCard.swift */; };
		AAF98A15AF8245E69841C0E3 /* RaceDetailsCard.swift in Sources */ = {isa = PBXBuildFile; fileRef = 0E0592F747FB44FBA210CFEA /* RaceDetailsCard.swift */; };
		4B489330B49C4B31AF038FE0 /* RaceResultsTable.swift in Sources */ = {isa = PBXBuildFile; fileRef = B133B127D0D7441EB8B26FCA /* RaceResultsTable.swift */; };
		8A64CB41699449DFAE255AE8 /* RaceGridComparisonView.swift in Sources */ = {isa = PBXBuildFile; fileRef = 0DC427D354D14DEA8CF7481D /* RaceGridComparisonView.swift */; };
		A293D2DF1E984865BA85A69A /* RaceMediaSection.swift in Sources */ = {isa = PBXBuildFile; fileRef = D003F95F11BA43CEB4C576F5 /* RaceMediaSection.swift */; };
		D6465E876CA34792B27077F8 /* RaceHeaderView.swift in Sources */ = {isa = PBXBuildFile; fileRef = E8FDD025F8274E66A1234E14 /* RaceHeaderView.swift */; };
		044E3CFA6B82468DB99AEFFDD956332D /* LoadState.swift in Sources */ = {isa = PBXBuildFile; fileRef = 941B78C05C4749999B91D7CD9BF3A012 /* LoadState.swift */; };
		C4613A0197EA48B390B108208178AFBB /* PreviewData.swift in Sources */ = {isa = PBXBuildFile; fileRef = D10BB4CF3AB34BAABE295ACFA439F977 /* PreviewData.swift */; };
		048E16CC380B47B19B3752E432AD7C36 /* PreviewWrapper.swift in Sources */ = {isa = PBXBuildFile; fileRef = BEDBA1957C4C4884924772ED4E076027 /* PreviewWrapper.swift */; };
		965E7A4BAB7743D9A73ECEF85A3CDCCE /* F1DBPredictor.swift in Sources */ = {isa = PBXBuildFile; fileRef = 6FFFB7F0A1DC474B930C7C0192C5A1BB /* F1DBPredictor.swift */; };
		9E8A7B6C5D4E3F2A1B0C9D8E /* AIPredictionService.swift in Sources */ = {isa = PBXBuildFile; fileRef = 1A2B3C4D5E6F7890ABCDEF12 /* AIPredictionService.swift */; };
		0D76980E63A444C6BFB342F0659F1FEB /* Summarizer.swift in Sources */ = {isa = PBXBuildFile; fileRef = A12A7C1EB2B7402F822BFF45BFB429F5 /* Summarizer.swift */; };
		5380FE6CB09149189910E0DAF954B431 /* PredictionCard.swift in Sources */ = {isa = PBXBuildFile; fileRef = 5E0C9D4D97E04711B1E753FEBB677B0D /* PredictionCard.swift */; };
/* End PBXBuildFile section */

/* Begin PBXFileReference section */
		11A3DF8628B40E3762695FFD /* F1DBDriverSections.swift */ = {isa = PBXFileReference; includeInIndex = 1; lastKnownFileType = sourcecode.swift; path = F1DBDriverSections.swift; sourceTree = "<group>"; };		35A8326658B316E7B1829E12 /* YouTubeService.swift */ = {isa = PBXFileReference; includeInIndex = 1; lastKnownFileType = sourcecode.swift; path = YouTubeService.swift; sourceTree = "<group>"; };
		46735E2E28FE653C6217EBD4 /* F1DBService+Shared.swift */ = {isa = PBXFileReference; includeInIndex = 1; lastKnownFileType = sourcecode.swift; path = "F1DBService+Shared.swift"; sourceTree = "<group>"; };
		59C7D0EA292A3486F7FDCAD9 /* VideoItem.swift */ = {isa = PBXFileReference; includeInIndex = 1; lastKnownFileType = sourcecode.swift; path = VideoItem.swift; sourceTree = "<group>"; };
		5A0D1B6A1F1D4F1A8E1A2B3C4D5E6F86 /* Formula1App.swift */ = {isa = PBXFileReference; lastKnownFileType = sourcecode.swift; path = Formula1App.swift; sourceTree = "<group>"; };
		5A0D1B6A1F1D4F1A8E1A2B3C4D5E6F88 /* Assets.xcassets */ = {isa = PBXFileReference; lastKnownFileType = folder.assetcatalog; path = Assets.xcassets; sourceTree = "<group>"; };
		5A0D1B6A1F1D4F1A8E1A2B3C4D5E6F89 /* Preview Assets.xcassets */ = {isa = PBXFileReference; lastKnownFileType = folder.assetcatalog; path = "Preview Assets.xcassets"; sourceTree = "<group>"; };
		5A0D1B6A1F1D4F1A8E1A2B3C4D5E6F8A /* Info.plist */ = {isa = PBXFileReference; lastKnownFileType = text.plist.xml; path = Info.plist; sourceTree = "<group>"; };
		5A0D1B6A1F1D4F1A8E1A2B3C4D5E6F8F /* Formula1.app */ = {isa = PBXFileReference; explicitFileType = wrapper.application; includeInIndex = 0; path = Formula1.app; sourceTree = BUILT_PRODUCTS_DIR; };
		5A0D1B6A1F1D4F1A8E1A2B3C4D5E6FB0 /* AppCoordinator.swift */ = {isa = PBXFileReference; lastKnownFileType = sourcecode.swift; path = AppCoordinator.swift; sourceTree = "<group>"; };
		5A0D1B6A1F1D4F1A8E1A2B3C4D5E6FB1 /* Race.swift */ = {isa = PBXFileReference; lastKnownFileType = sourcecode.swift; path = Race.swift; sourceTree = "<group>"; };
		5A0D1B6A1F1D4F1A8E1A2B3C4D5E6FB2 /* Driver.swift */ = {isa = PBXFileReference; lastKnownFileType = sourcecode.swift; path = Driver.swift; sourceTree = "<group>"; };
		5A0D1B6A1F1D4F1A8E1A2B3C4D5E6FB3 /* Coordinator.swift */ = {isa = PBXFileReference; lastKnownFileType = sourcecode.swift; path = Coordinator.swift; sourceTree = "<group>"; };
		5A0D1B6A1F1D4F1A8E1A2B3C4D5E6FB4 /* RaceServiceProtocol.swift */ = {isa = PBXFileReference; lastKnownFileType = sourcecode.swift; path = RaceServiceProtocol.swift; sourceTree = "<group>"; };
		5A0D1B6A1F1D4F1A8E1A2B3C4D5E6FB5 /* DriverServiceProtocol.swift */ = {isa = PBXFileReference; lastKnownFileType = sourcecode.swift; path = DriverServiceProtocol.swift; sourceTree = "<group>"; };
		5A0D1B6A1F1D4F1A8E1A2B3C4D5E6FB6 /* RaceService.swift */ = {isa = PBXFileReference; lastKnownFileType = sourcecode.swift; path = RaceService.swift; sourceTree = "<group>"; };
		5A0D1B6A1F1D4F1A8E1A2B3C4D5E6FB7 /* DriverService.swift */ = {isa = PBXFileReference; lastKnownFileType = sourcecode.swift; path = DriverService.swift; sourceTree = "<group>"; };
		5A0D1B6A1F1D4F1A8E1A2B3C4D5E6FB8 /* RaceListViewModel.swift */ = {isa = PBXFileReference; lastKnownFileType = sourcecode.swift; path = RaceListViewModel.swift; sourceTree = "<group>"; };
		5A0D1B6A1F1D4F1A8E1A2B3C4D5E6FB9 /* RaceDetailViewModel.swift */ = {isa = PBXFileReference; lastKnownFileType = sourcecode.swift; path = RaceDetailViewModel.swift; sourceTree = "<group>"; };
		5A0D1B6A1F1D4F1A8E1A2B3C4D5E6FBA /* DriverListViewModel.swift */ = {isa = PBXFileReference; lastKnownFileType = sourcecode.swift; path = DriverListViewModel.swift; sourceTree = "<group>"; };
		5A0D1B6A1F1D4F1A8E1A2B3C4D5E6FBB /* DriverDetailViewModel.swift */ = {isa = PBXFileReference; lastKnownFileType = sourcecode.swift; path = DriverDetailViewModel.swift; sourceTree = "<group>"; };
		5A0D1B6A1F1D4F1A8E1A2B3C4D5E6FBC /* RaceListView.swift */ = {isa = PBXFileReference; lastKnownFileType = sourcecode.swift; path = RaceListView.swift; sourceTree = "<group>"; };
		5A0D1B6A1F1D4F1A8E1A2B3C4D5E6FBD /* RaceDetailView.swift */ = {isa = PBXFileReference; lastKnownFileType = sourcecode.swift; path = RaceDetailView.swift; sourceTree = "<group>"; };
		5A0D1B6A1F1D4F1A8E1A2B3C4D5E6FBE /* DriverListView.swift */ = {isa = PBXFileReference; lastKnownFileType = sourcecode.swift; path = DriverListView.swift; sourceTree = "<group>"; };
		5A0D1B6A1F1D4F1A8E1A2B3C4D5E6FBF /* DriverDetailView.swift */ = {isa = PBXFileReference; lastKnownFileType = sourcecode.swift; path = DriverDetailView.swift; sourceTree = "<group>"; };
		5A0D1B6A2F1D4F1A8E1A2B3C4D5E7000 /* Theme.swift */ = {isa = PBXFileReference; lastKnownFileType = sourcecode.swift; path = Theme.swift; sourceTree = "<group>"; };
		5A0D1B6A2F1D4F1A8E1A2B3C4D5E7001 /* F1Colors.swift */ = {isa = PBXFileReference; lastKnownFileType = sourcecode.swift; path = F1Colors.swift; sourceTree = "<group>"; };
		5A0D1B6A2F1D4F1A8E1A2B3C4D5E7002 /* GlassCard.swift */ = {isa = PBXFileReference; lastKnownFileType = sourcecode.swift; path = GlassCard.swift; sourceTree = "<group>"; };
		5A0D1B6A2F1D4F1A8E1A2B3C4D5E7003 /* ConstructorColorBar.swift */ = {isa = PBXFileReference; lastKnownFileType = sourcecode.swift; path = ConstructorColorBar.swift; sourceTree = "<group>"; };
		5A0D1B6A2F1D4F1A8E1A2B3C4D5E7004 /* PositionBadge.swift */ = {isa = PBXFileReference; lastKnownFileType = sourcecode.swift; path = PositionBadge.swift; sourceTree = "<group>"; };
		5A0D1B6A2F1D4F1A8E1A2B3C4D5E7005 /* PointsBar.swift */ = {isa = PBXFileReference; lastKnownFileType = sourcecode.swift; path = PointsBar.swift; sourceTree = "<group>"; };
		5A0D1B6A2F1D4F1A8E1A2B3C4D5E7006 /* PodiumView.swift */ = {isa = PBXFileReference; lastKnownFileType = sourcecode.swift; path = PodiumView.swift; sourceTree = "<group>"; };
		5A0D1B6A2F1D4F1A8E1A2B3C4D5E7007 /* CountdownView.swift */ = {isa = PBXFileReference; lastKnownFileType = sourcecode.swift; path = CountdownView.swift; sourceTree = "<group>"; };
		5A0D1B6A2F1D4F1A8E1A2B3C4D5E7008 /* DriverPhotoView.swift */ = {isa = PBXFileReference; lastKnownFileType = sourcecode.swift; path = DriverPhotoView.swift; sourceTree = "<group>"; };
		5A0D1B6A2F1D4F1A8E1A2B3C4D5E7009 /* Constructor.swift */ = {isa = PBXFileReference; lastKnownFileType = sourcecode.swift; path = Constructor.swift; sourceTree = "<group>"; };
		5A0D1B6A2F1D4F1A8E1A2B3C4D5E700A /* ConstructorStanding.swift */ = {isa = PBXFileReference; lastKnownFileType = sourcecode.swift; path = ConstructorStanding.swift; sourceTree = "<group>"; };
		5A0D1B6A2F1D4F1A8E1A2B3C4D5E700B /* NewsArticle.swift */ = {isa = PBXFileReference; lastKnownFileType = sourcecode.swift; path = NewsArticle.swift; sourceTree = "<group>"; };
		5A0D1B6A2F1D4F1A8E1A2B3C4D5E700C /* ConstructorServiceProtocol.swift */ = {isa = PBXFileReference; lastKnownFileType = sourcecode.swift; path = ConstructorServiceProtocol.swift; sourceTree = "<group>"; };
		5A0D1B6A2F1D4F1A8E1A2B3C4D5E700D /* ConstructorService.swift */ = {isa = PBXFileReference; lastKnownFileType = sourcecode.swift; path = ConstructorService.swift; sourceTree = "<group>"; };
		5A0D1B6A2F1D4F1A8E1A2B3C4D5E700E /* ConstructorStandingsViewModel.swift */ = {isa = PBXFileReference; lastKnownFileType = sourcecode.swift; path = ConstructorStandingsViewModel.swift; sourceTree = "<group>"; };
		5A0D1B6A2F1D4F1A8E1A2B3C4D5E700F /* NewsViewModel.swift */ = {isa = PBXFileReference; lastKnownFileType = sourcecode.swift; path = NewsViewModel.swift; sourceTree = "<group>"; };
		5A0D1B6A2F1D4F1A8E1A2B3C4D5E7010 /* ConstructorStandingsView.swift */ = {isa = PBXFileReference; lastKnownFileType = sourcecode.swift; path = ConstructorStandingsView.swift; sourceTree = "<group>"; };
		5A0D1B6A2F1D4F1A8E1A2B3C4D5E7011 /* ConstructorDetailView.swift */ = {isa = PBXFileReference; lastKnownFileType = sourcecode.swift; path = ConstructorDetailView.swift; sourceTree = "<group>"; };
		5A0D1B6A2F1D4F1A8E1A2B3C4D5E7012 /* NewsListView.swift */ = {isa = PBXFileReference; lastKnownFileType = sourcecode.swift; path = NewsListView.swift; sourceTree = "<group>"; };
		5A0D1B6A2F1D4F1A8E1A2B3C4D5E7013 /* MockData.swift */ = {isa = PBXFileReference; lastKnownFileType = sourcecode.swift; path = MockData.swift; sourceTree = "<group>"; };
		5A0D1B6A2F1D4F1A8E1A2B3C4D5E7014 /* SplashScreenView.swift */ = {isa = PBXFileReference; lastKnownFileType = sourcecode.swift; path = SplashScreenView.swift; sourceTree = "<group>"; };
		ABCDEF1234567890ABCDEF12 /* AISettingsView.swift */ = {isa = PBXFileReference; lastKnownFileType = sourcecode.swift; path = AISettingsView.swift; sourceTree = "<group>"; };
		5A0D1B6A2F1D4F1A8E1A2B3C4D5E7015 /* F1Media.swift */ = {isa = PBXFileReference; lastKnownFileType = sourcecode.swift; path = F1Media.swift; sourceTree = "<group>"; };
		5A0D1B6A2F1D4F1A8E1A2B3C4D5E7016 /* F1LogoShape.swift */ = {isa = PBXFileReference; lastKnownFileType = sourcecode.swift; path = F1LogoShape.swift; sourceTree = "<group>"; };
		5A0D1B6A2F1D4F1A8E1A2B3C4D5E7017 /* LaunchScreen.storyboard */ = {isa = PBXFileReference; lastKnownFileType = file.storyboard; path = LaunchScreen.storyboard; sourceTree = "<group>"; };
		5A0D1B6A2F1D4F1A8E1A2B3C4D5E7018 /* Localization.swift */ = {isa = PBXFileReference; lastKnownFileType = sourcecode.swift; path = Localization.swift; sourceTree = "<group>"; };
		5A0D1B6A2F1D4F1A8E1A2B3C4D5E7019 /* Localizable.strings */ = {isa = PBXFileReference; lastKnownFileType = text.plist.strings; path = en.lproj/Localizable.strings; sourceTree = "<group>"; };
		5A0D1B6A2F1D4F1A8E1A2B3C4D5E7020 /* APIClient.swift */ = {isa = PBXFileReference; lastKnownFileType = sourcecode.swift; path = APIClient.swift; sourceTree = "<group>"; };		5A0D1B6A2F1D4F1A8E1A2B3C4D5E7022 /* NewsServiceProtocol.swift */ = {isa = PBXFileReference; lastKnownFileType = sourcecode.swift; path = NewsServiceProtocol.swift; sourceTree = "<group>"; };
		5A0D1B6A2F1D4F1A8E1A2B3C4D5E7023 /* NewsService.swift */ = {isa = PBXFileReference; lastKnownFileType = sourcecode.swift; path = NewsService.swift; sourceTree = "<group>"; };
		5A0D1B6A2F1D4F1A8E1A2B3C4D5E7024 /* CircuitTrackView.swift */ = {isa = PBXFileReference; lastKnownFileType = sourcecode.swift; path = CircuitTrackView.swift; sourceTree = "<group>"; };
		5A0D1B6A2F1D4F1A8E1A2B3C4D5E7025 /* SideMenu.swift */ = {isa = PBXFileReference; lastKnownFileType = sourcecode.swift; path = SideMenu.swift; sourceTree = "<group>"; };
		5A0D1B6A2F1D4F1A8E1A2B3C4D5E8025 /* demo.mp4 */ = {isa = PBXFileReference; lastKnownFileType = video.mp4; path = demo.mp4; sourceTree = "<group>"; };
		5A0D1B6A2F1D4F1A8E1A2B3C4D5E8027 /* ConstructorDetailViewModel.swift */ = {isa = PBXFileReference; lastKnownFileType = sourcecode.swift; path = ConstructorDetailViewModel.swift; sourceTree = "<group>"; };
		6FA90A8572823E4E34014010 /* F1DBService.swift */ = {isa = PBXFileReference; includeInIndex = 1; lastKnownFileType = sourcecode.swift; path = F1DBService.swift; sourceTree = "<group>"; };
		9A2DABF96439E66F9759928D /* F1DBConstructorSections.swift */ = {isa = PBXFileReference; includeInIndex = 1; lastKnownFileType = sourcecode.swift; path = F1DBConstructorSections.swift; sourceTree = "<group>"; };
		CFD2961AD3C29E345CB4812E /* F1DBRaceSections.swift */ = {isa = PBXFileReference; includeInIndex = 1; lastKnownFileType = sourcecode.swift; path = F1DBRaceSections.swift; sourceTree = "<group>"; };
		5A0D1B6A2F1D4F1A8E1A2B3C4D5E8031 /* f1db.json */ = {isa = PBXFileReference; lastKnownFileType = text.json; path = f1db.json; sourceTree = "<group>"; };
		6A41FCA0EDFB4C0E91AB8D0E /* JolpicaRaceModels.swift */ = {isa = PBXFileReference; lastKnownFileType = sourcecode.swift; path = JolpicaRaceModels.swift; sourceTree = "<group>"; };
		A300C5065B474CFB84D1C6AB /* JolpicaStandingsModels.swift */ = {isa = PBXFileReference; lastKnownFileType = sourcecode.swift; path = JolpicaStandingsModels.swift; sourceTree = "<group>"; };
		D646E0D59414418AB3550D5A /* F1DBRoot.swift */ = {isa = PBXFileReference; lastKnownFileType = sourcecode.swift; path = F1DBRoot.swift; sourceTree = "<group>"; };
		5EFE92D05BAA45848FACAD1F /* F1DBDriver.swift */ = {isa = PBXFileReference; lastKnownFileType = sourcecode.swift; path = F1DBDriver.swift; sourceTree = "<group>"; };
		A5473D6B77584860A8FF334D /* F1DBConstructor.swift */ = {isa = PBXFileReference; lastKnownFileType = sourcecode.swift; path = F1DBConstructor.swift; sourceTree = "<group>"; };
		70FD5A3A19144A0D8BD99F02 /* F1DBCircuit.swift */ = {isa = PBXFileReference; lastKnownFileType = sourcecode.swift; path = F1DBCircuit.swift; sourceTree = "<group>"; };
		F777E148163C4341A8D87320 /* F1DBGrandPrix.swift */ = {isa = PBXFileReference; lastKnownFileType = sourcecode.swift; path = F1DBGrandPrix.swift; sourceTree = "<group>"; };
		DC1170FA7E14480A923883E9 /* F1DBRace.swift */ = {isa = PBXFileReference; lastKnownFileType = sourcecode.swift; path = F1DBRace.swift; sourceTree = "<group>"; };
		F7874DDEC38B4E849C47BB59 /* F1DBSeason.swift */ = {isa = PBXFileReference; lastKnownFileType = sourcecode.swift; path = F1DBSeason.swift; sourceTree = "<group>"; };
		663ABD3B43B7440C8A23CA77 /* F1DBGeography.swift */ = {isa = PBXFileReference; lastKnownFileType = sourcecode.swift; path = F1DBGeography.swift; sourceTree = "<group>"; };
		BDDC635F866047BD9287A336 /* F1DBSupport.swift */ = {isa = PBXFileReference; lastKnownFileType = sourcecode.swift; path = F1DBSupport.swift; sourceTree = "<group>"; };
		D60EB6FDF2B649AE8F874FA5 /* RaceCircuitView.swift */ = {isa = PBXFileReference; lastKnownFileType = sourcecode.swift; path = RaceCircuitView.swift; sourceTree = "<group>"; };
		5A21EBAC9FF94F37B877D08D /* RaceWinnerCard.swift */ = {isa = PBXFileReference; lastKnownFileType = sourcecode.swift; path = RaceWinnerCard.swift; sourceTree = "<group>"; };
		73EAE29F39564B57AB6558D5 /* RaceFastestLapCard.swift */ = {isa = PBXFileReference; lastKnownFileType = sourcecode.swift; path = RaceFastestLapCard.swift; sourceTree = "<group>"; };
		0E0592F747FB44FBA210CFEA /* RaceDetailsCard.swift */ = {isa = PBXFileReference; lastKnownFileType = sourcecode.swift; path = RaceDetailsCard.swift; sourceTree = "<group>"; };
		B133B127D0D7441EB8B26FCA /* RaceResultsTable.swift */ = {isa = PBXFileReference; lastKnownFileType = sourcecode.swift; path = RaceResultsTable.swift; sourceTree = "<group>"; };
		0DC427D354D14DEA8CF7481D /* RaceGridComparisonView.swift */ = {isa = PBXFileReference; lastKnownFileType = sourcecode.swift; path = RaceGridComparisonView.swift; sourceTree = "<group>"; };
		D003F95F11BA43CEB4C576F5 /* RaceMediaSection.swift */ = {isa = PBXFileReference; lastKnownFileType = sourcecode.swift; path = RaceMediaSection.swift; sourceTree = "<group>"; };
		E8FDD025F8274E66A1234E14 /* RaceHeaderView.swift */ = {isa = PBXFileReference; lastKnownFileType = sourcecode.swift; path = RaceHeaderView.swift; sourceTree = "<group>"; };
		941B78C05C4749999B91D7CD9BF3A012 /* LoadState.swift */ = {isa = PBXFileReference; lastKnownFileType = sourcecode.swift; path = LoadState.swift; sourceTree = "<group>"; };
		D10BB4CF3AB34BAABE295ACFA439F977 /* PreviewData.swift */ = {isa = PBXFileReference; lastKnownFileType = sourcecode.swift; path = PreviewData.swift; sourceTree = "<group>"; };
		BEDBA1957C4C4884924772ED4E076027 /* PreviewWrapper.swift */ = {isa = PBXFileReference; lastKnownFileType = sourcecode.swift; path = PreviewWrapper.swift; sourceTree = "<group>"; };
		6FFFB7F0A1DC474B930C7C0192C5A1BB /* F1DBPredictor.swift */ = {isa = PBXFileReference; lastKnownFileType = sourcecode.swift; path = F1DBPredictor.swift; sourceTree = "<group>"; };
		1A2B3C4D5E6F7890ABCDEF12 /* AIPredictionService.swift */ = {isa = PBXFileReference; lastKnownFileType = sourcecode.swift; path = AIPredictionService.swift; sourceTree = "<group>"; };
		A12A7C1EB2B7402F822BFF45BFB429F5 /* Summarizer.swift */ = {isa = PBXFileReference; lastKnownFileType = sourcecode.swift; path = Summarizer.swift; sourceTree = "<group>"; };
		5E0C9D4D97E04711B1E753FEBB677B0D /* PredictionCard.swift */ = {isa = PBXFileReference; lastKnownFileType = sourcecode.swift; path = PredictionCard.swift; sourceTree = "<group>"; };
/* End PBXFileReference section */

/* Begin PBXFrameworksBuildPhase section */
		5A0D1B6A1F1D4F1A8E1A2B3C4D5E6F7D /* Frameworks */ = {
			isa = PBXFrameworksBuildPhase;
			buildActionMask = 2147483647;
			files = (
			);
			runOnlyForDeploymentPostprocessing = 0;
		};
/* End PBXFrameworksBuildPhase section */

/* Begin PBXGroup section */
		5A0D1B6A1F1D4F1A8E1A2B3C4D5E6F8B /* Formula1 */ = {
			isa = PBXGroup;
			children = (
				5A0D1B6A1F1D4F1A8E1A2B3C4D5E6FA0 /* App */,
				5A0D1B6A1F1D4F1A8E1A2B3C4D5E6FA1 /* Coordinators */,
				5A0D1B6A1F1D4F1A8E1A2B3C4D5E6FA2 /* Models */,
				5A0D1B6A1F1D4F1A8E1A2B3C4D5E6FA3 /* Protocols */,
				5A0D1B6A1F1D4F1A8E1A2B3C4D5E6FA4 /* Services */,
				5A0D1B6A1F1D4F1A8E1A2B3C4D5E6FA5 /* ViewModels */,
				5A0D1B6A1F1D4F1A8E1A2B3C4D5E6FA6 /* Views */,
				5A0D1B6A2F1D4F1A8E1A2B3C4D5E6000 /* DesignSystem */,
				5A0D1B6A2F1D4F1A8E1A2B3C4D5E6001 /* Components */,
				5A0D1B6A2F1D4F1A8E1A2B3C4D5E6002 /* Helpers */,
				5A0D1B6A1F1D4F1A8E1A2B3C4D5E6FA7 /* Resources */,
			);
			path = Formula1;
			sourceTree = "<group>";
		};
		5A0D1B6A1F1D4F1A8E1A2B3C4D5E6F8C /* Preview Content */ = {
			isa = PBXGroup;
			children = (
				5A0D1B6A1F1D4F1A8E1A2B3C4D5E6F89 /* Preview Assets.xcassets */,
			);
			path = "Preview Content";
			sourceTree = "<group>";
		};
		5A0D1B6A1F1D4F1A8E1A2B3C4D5E6F8D = {
			isa = PBXGroup;
			children = (
				5A0D1B6A1F1D4F1A8E1A2B3C4D5E6F8B /* Formula1 */,
				5A0D1B6A1F1D4F1A8E1A2B3C4D5E6F8E /* Products */,
			);
			sourceTree = "<group>";
		};
		5A0D1B6A1F1D4F1A8E1A2B3C4D5E6F8E /* Products */ = {
			isa = PBXGroup;
			children = (
				5A0D1B6A1F1D4F1A8E1A2B3C4D5E6F8F /* Formula1.app */,
			);
			name = Products;
			sourceTree = "<group>";
		};
		5A0D1B6A1F1D4F1A8E1A2B3C4D5E6FA0 /* App */ = {
			isa = PBXGroup;
			children = (
				5A0D1B6A1F1D4F1A8E1A2B3C4D5E6F86 /* Formula1App.swift */,
			);
			path = App;
			sourceTree = "<group>";
		};
		5A0D1B6A1F1D4F1A8E1A2B3C4D5E6FA1 /* Coordinators */ = {
			isa = PBXGroup;
			children = (
				5A0D1B6A1F1D4F1A8E1A2B3C4D5E6FB0 /* AppCoordinator.swift */,
			);
			path = Coordinators;
			sourceTree = "<group>";
		};
		5A0D1B6A1F1D4F1A8E1A2B3C4D5E6FA2 /* Models */ = {
			isa = PBXGroup;
			children = (
				5A0D1B6A1F1D4F1A8E1A2B3C4D5E6FB1 /* Race.swift */,
				5A0D1B6A1F1D4F1A8E1A2B3C4D5E6FB2 /* Driver.swift */,
				5A0D1B6A2F1D4F1A8E1A2B3C4D5E7009 /* Constructor.swift */,
				5A0D1B6A2F1D4F1A8E1A2B3C4D5E700A /* ConstructorStanding.swift */,
				5A0D1B6A2F1D4F1A8E1A2B3C4D5E700B /* NewsArticle.swift */,
				59C7D0EA292A3486F7FDCAD9 /* VideoItem.swift */,
				96B3701DA2ADD37E61B2EBCA /* F1DB */,
			);
			path = Models;
			sourceTree = "<group>";
		};
		5A0D1B6A1F1D4F1A8E1A2B3C4D5E6FA3 /* Protocols */ = {
			isa = PBXGroup;
			children = (
				5A0D1B6A1F1D4F1A8E1A2B3C4D5E6FB3 /* Coordinator.swift */,
				5A0D1B6A1F1D4F1A8E1A2B3C4D5E6FB4 /* RaceServiceProtocol.swift */,
				5A0D1B6A1F1D4F1A8E1A2B3C4D5E6FB5 /* DriverServiceProtocol.swift */,
				5A0D1B6A2F1D4F1A8E1A2B3C4D5E700C /* ConstructorServiceProtocol.swift */,
				5A0D1B6A2F1D4F1A8E1A2B3C4D5E7022 /* NewsServiceProtocol.swift */,
			);
			path = Protocols;
			sourceTree = "<group>";
		};
		5A0D1B6A1F1D4F1A8E1A2B3C4D5E6FA4 /* Services */ = {
			isa = PBXGroup;
			children = (
				5A0D1B6A1F1D4F1A8E1A2B3C4D5E6FB6 /* RaceService.swift */,
				5A0D1B6A1F1D4F1A8E1A2B3C4D5E6FB7 /* DriverService.swift */,
				5A0D1B6A2F1D4F1A8E1A2B3C4D5E700D /* ConstructorService.swift */,
				5A0D1B6A2F1D4F1A8E1A2B3C4D5E7020 /* APIClient.swift */,
				5A0D1B6A2F1D4F1A8E1A2B3C4D5E7023 /* NewsService.swift */,
				35A8326658B316E7B1829E12 /* YouTubeService.swift */,
				6FA90A8572823E4E34014010 /* F1DBService.swift */,
				46735E2E28FE653C6217EBD4 /* F1DBService+Shared.swift */,
				6A41FCA0EDFB4C0E91AB8D0E /* JolpicaRaceModels.swift */,
				A300C5065B474CFB84D1C6AB /* JolpicaStandingsModels.swift */,
				6FFFB7F0A1DC474B930C7C0192C5A1BB /* F1DBPredictor.swift */,
				1A2B3C4D5E6F7890ABCDEF12 /* AIPredictionService.swift */,
			);
			path = Services;
			sourceTree = "<group>";
		};
		5A0D1B6A1F1D4F1A8E1A2B3C4D5E6FA5 /* ViewModels */ = {
			isa = PBXGroup;
			children = (
				5A0D1B6A1F1D4F1A8E1A2B3C4D5E6FB8 /* RaceListViewModel.swift */,
				5A0D1B6A1F1D4F1A8E1A2B3C4D5E6FB9 /* RaceDetailViewModel.swift */,
				5A0D1B6A1F1D4F1A8E1A2B3C4D5E6FBA /* DriverListViewModel.swift */,
				5A0D1B6A1F1D4F1A8E1A2B3C4D5E6FBB /* DriverDetailViewModel.swift */,
				5A0D1B6A2F1D4F1A8E1A2B3C4D5E700E /* ConstructorStandingsViewModel.swift */,
				5A0D1B6A2F1D4F1A8E1A2B3C4D5E700F /* NewsViewModel.swift */,
				5A0D1B6A2F1D4F1A8E1A2B3C4D5E8027 /* ConstructorDetailViewModel.swift */,
			);
			path = ViewModels;
			sourceTree = "<group>";
		};
		5A0D1B6A1F1D4F1A8E1A2B3C4D5E6FA6 /* Views */ = {
			isa = PBXGroup;
			children = (
				5A0D1B6A1F1D4F1A8E1A2B3C4D5E6FBC /* RaceListView.swift */,
				5A0D1B6A1F1D4F1A8E1A2B3C4D5E6FBD /* RaceDetailView.swift */,
				5A0D1B6A1F1D4F1A8E1A2B3C4D5E6FBE /* DriverListView.swift */,
				5A0D1B6A1F1D4F1A8E1A2B3C4D5E6FBF /* DriverDetailView.swift */,
				5A0D1B6A2F1D4F1A8E1A2B3C4D5E7010 /* ConstructorStandingsView.swift */,
				5A0D1B6A2F1D4F1A8E1A2B3C4D5E7011 /* ConstructorDetailView.swift */,
				5A0D1B6A2F1D4F1A8E1A2B3C4D5E7012 /* NewsListView.swift */,
				5A0D1B6A2F1D4F1A8E1A2B3C4D5E7014 /* SplashScreenView.swift */,
				ABCDEF1234567890ABCDEF12 /* AISettingsView.swift */,
			);
			path = Views;
			sourceTree = "<group>";
		};
		5A0D1B6A1F1D4F1A8E1A2B3C4D5E6FA7 /* Resources */ = {
			isa = PBXGroup;
			children = (
				5A0D1B6A2F1D4F1A8E1A2B3C4D5E8031 /* f1db.json */,
				5A0D1B6A2F1D4F1A8E1A2B3C4D5E8025 /* demo.mp4 */,
				5A0D1B6A1F1D4F1A8E1A2B3C4D5E6F88 /* Assets.xcassets */,
				5A0D1B6A1F1D4F1A8E1A2B3C4D5E6F8A /* Info.plist */,
				5A0D1B6A2F1D4F1A8E1A2B3C4D5E7017 /* LaunchScreen.storyboard */,
				5A0D1B6A2F1D4F1A8E1A2B3C4D5E7019 /* Localizable.strings */,
				5A0D1B6A1F1D4F1A8E1A2B3C4D5E6F8C /* Preview Content */,
			);
			path = Resources;
			sourceTree = "<group>";
		};
		5A0D1B6A2F1D4F1A8E1A2B3C4D5E6000 /* DesignSystem */ = {
			isa = PBXGroup;
			children = (
				5A0D1B6A2F1D4F1A8E1A2B3C4D5E7000 /* Theme.swift */,
				5A0D1B6A2F1D4F1A8E1A2B3C4D5E7001 /* F1Colors.swift */,
				5A0D1B6A2F1D4F1A8E1A2B3C4D5E7016 /* F1LogoShape.swift */,
			);
			path = DesignSystem;
			sourceTree = "<group>";
		};
		5A0D1B6A2F1D4F1A8E1A2B3C4D5E6001 /* Components */ = {
			isa = PBXGroup;
			children = (
				5A0D1B6A2F1D4F1A8E1A2B3C4D5E7002 /* GlassCard.swift */,
				5A0D1B6A2F1D4F1A8E1A2B3C4D5E7003 /* ConstructorColorBar.swift */,
				5A0D1B6A2F1D4F1A8E1A2B3C4D5E7004 /* PositionBadge.swift */,
				5A0D1B6A2F1D4F1A8E1A2B3C4D5E7005 /* PointsBar.swift */,
				5A0D1B6A2F1D4F1A8E1A2B3C4D5E7006 /* PodiumView.swift */,
				5A0D1B6A2F1D4F1A8E1A2B3C4D5E7007 /* CountdownView.swift */,
				D60EB6FDF2B649AE8F874FA5 /* RaceCircuitView.swift */,
				5A21EBAC9FF94F37B877D08D /* RaceWinnerCard.swift */,
				73EAE29F39564B57AB6558D5 /* RaceFastestLapCard.swift */,
				0E0592F747FB44FBA210CFEA /* RaceDetailsCard.swift */,
				B133B127D0D7441EB8B26FCA /* RaceResultsTable.swift */,
				0DC427D354D14DEA8CF7481D /* RaceGridComparisonView.swift */,
				D003F95F11BA43CEB4C576F5 /* RaceMediaSection.swift */,
				E8FDD025F8274E66A1234E14 /* RaceHeaderView.swift */,
				5A0D1B6A2F1D4F1A8E1A2B3C4D5E7008 /* DriverPhotoView.swift */,
				5A0D1B6A2F1D4F1A8E1A2B3C4D5E7024 /* CircuitTrackView.swift */,
				5A0D1B6A2F1D4F1A8E1A2B3C4D5E7025 /* SideMenu.swift */,
				11A3DF8628B40E3762695FFD /* F1DBDriverSections.swift */,
				9A2DABF96439E66F9759928D /* F1DBConstructorSections.swift */,
				CFD2961AD3C29E345CB4812E /* F1DBRaceSections.swift */,
				5E0C9D4D97E04711B1E753FEBB677B0D /* PredictionCard.swift */,
			);
			path = Components;
			sourceTree = "<group>";
		};
		5A0D1B6A2F1D4F1A8E1A2B3C4D5E6002 /* Helpers */ = {
			isa = PBXGroup;
			children = (
				5A0D1B6A2F1D4F1A8E1A2B3C4D5E7013 /* MockData.swift */,
				5A0D1B6A2F1D4F1A8E1A2B3C4D5E7015 /* F1Media.swift */,
				5A0D1B6A2F1D4F1A8E1A2B3C4D5E7018 /* Localization.swift */,
				941B78C05C4749999B91D7CD9BF3A012 /* LoadState.swift */,
				D10BB4CF3AB34BAABE295ACFA439F977 /* PreviewData.swift */,
				BEDBA1957C4C4884924772ED4E076027 /* PreviewWrapper.swift */,
				A12A7C1EB2B7402F822BFF45BFB429F5 /* Summarizer.swift */,
			);
			path = Helpers;
			sourceTree = "<group>";
		};
		96B3701DA2ADD37E61B2EBCA /* F1DB */ = {
			isa = PBXGroup;
			children = (
				D646E0D59414418AB3550D5A /* F1DBRoot.swift */,
				5EFE92D05BAA45848FACAD1F /* F1DBDriver.swift */,
				A5473D6B77584860A8FF334D /* F1DBConstructor.swift */,
				70FD5A3A19144A0D8BD99F02 /* F1DBCircuit.swift */,
				F777E148163C4341A8D87320 /* F1DBGrandPrix.swift */,
				DC1170FA7E14480A923883E9 /* F1DBRace.swift */,
				F7874DDEC38B4E849C47BB59 /* F1DBSeason.swift */,
				663ABD3B43B7440C8A23CA77 /* F1DBGeography.swift */,
				BDDC635F866047BD9287A336 /* F1DBSupport.swift */,
			);
			name = F1DB;
			path = Formula1/Models/F1DB;
			sourceTree = SOURCE_ROOT;
		};
/* End PBXGroup section */

/* Begin PBXNativeTarget section */
		5A0D1B6A1F1D4F1A8E1A2B3C4D5E6F7F /* Formula1 */ = {
			isa = PBXNativeTarget;
			buildConfigurationList = 5A0D1B6A1F1D4F1A8E1A2B3C4D5E6F85 /* Build configuration list for PBXNativeTarget "Formula1" */;
			buildPhases = (
				5A0D1B6A1F1D4F1A8E1A2B3C4D5E6F7C /* Sources */,
				5A0D1B6A1F1D4F1A8E1A2B3C4D5E6F7D /* Frameworks */,
				5A0D1B6A1F1D4F1A8E1A2B3C4D5E6F7E /* Resources */,
			);
			buildRules = (
			);
			dependencies = (
			);
			name = Formula1;
			packageProductDependencies = (
				5A0D1B6A2F1D4F1A8E1A2B3C4D5E9001 /* Kingfisher */,
				5A0D1B6A2F1D4F1A8E1A2B3C4D5E9003 /* Alamofire */,
				5A0D1B6A2F1D4F1A8E1A2B3C4D5E9005 /* FeedKit */,
			);
			productName = Formula1;
			productReference = 5A0D1B6A1F1D4F1A8E1A2B3C4D5E6F8F /* Formula1.app */;
			productType = "com.apple.product-type.application";
		};
/* End PBXNativeTarget section */

/* Begin PBXProject section */
		5A0D1B6A1F1D4F1A8E1A2B3C4D5E6F7A /* Project object */ = {
			isa = PBXProject;
			attributes = {
				BuildIndependentTargetsInParallel = 1;
				LastSwiftUpdateCheck = 1530;
				LastUpgradeCheck = 1530;
				TargetAttributes = {
					5A0D1B6A1F1D4F1A8E1A2B3C4D5E6F7F = {
						CreatedOnToolsVersion = 15.3;
					};
				};
			};
			buildConfigurationList = 5A0D1B6A1F1D4F1A8E1A2B3C4D5E6F82 /* Build configuration list for PBXProject "Formula1" */;
			compatibilityVersion = "Xcode 14.0";
			developmentRegion = en;
			hasScannedForEncodings = 0;
			knownRegions = (
				en,
				Base,
			);
			mainGroup = 5A0D1B6A1F1D4F1A8E1A2B3C4D5E6F8D;
			packageReferences = (
				5A0D1B6A2F1D4F1A8E1A2B3C4D5E9000 /* XCRemoteSwiftPackageReference "Kingfisher" */,
				5A0D1B6A2F1D4F1A8E1A2B3C4D5E9002 /* XCRemoteSwiftPackageReference "Alamofire" */,
				5A0D1B6A2F1D4F1A8E1A2B3C4D5E9004 /* XCRemoteSwiftPackageReference "FeedKit" */,
			);
			productRefGroup = 5A0D1B6A1F1D4F1A8E1A2B3C4D5E6F8E /* Products */;
			projectDirPath = "";
			projectRoot = "";
			targets = (
				5A0D1B6A1F1D4F1A8E1A2B3C4D5E6F7F /* Formula1 */,
			);
		};
/* End PBXProject section */

/* Begin PBXResourcesBuildPhase section */
		5A0D1B6A1F1D4F1A8E1A2B3C4D5E6F7E /* Resources */ = {
			isa = PBXResourcesBuildPhase;
			buildActionMask = 2147483647;
			files = (
				5A0D1B6A1F1D4F1A8E1A2B3C4D5E6F92 /* Assets.xcassets in Resources */,
				5A0D1B6A1F1D4F1A8E1A2B3C4D5E6F93 /* Preview Assets.xcassets in Resources */,
				5A0D1B6A2F1D4F1A8E1A2B3C4D5E8017 /* LaunchScreen.storyboard in Resources */,
				5A0D1B6A2F1D4F1A8E1A2B3C4D5E8019 /* Localizable.strings in Resources */,
				5A0D1B6A2F1D4F1A8E1A2B3C4D5E8026 /* demo.mp4 in Resources */,
				5A0D1B6A2F1D4F1A8E1A2B3C4D5E8032 /* f1db.json in Resources */,
			);
			runOnlyForDeploymentPostprocessing = 0;
		};
/* End PBXResourcesBuildPhase section */

/* Begin PBXSourcesBuildPhase section */
		5A0D1B6A1F1D4F1A8E1A2B3C4D5E6F7C /* Sources */ = {
			isa = PBXSourcesBuildPhase;
			buildActionMask = 2147483647;
			files = (
				5A0D1B6A1F1D4F1A8E1A2B3C4D5E6F90 /* Formula1App.swift in Sources */,
				5A0D1B6A1F1D4F1A8E1A2B3C4D5E6FC1 /* AppCoordinator.swift in Sources */,
				5A0D1B6A1F1D4F1A8E1A2B3C4D5E6FC2 /* Race.swift in Sources */,
				5A0D1B6A1F1D4F1A8E1A2B3C4D5E6FC3 /* Driver.swift in Sources */,
				5A0D1B6A1F1D4F1A8E1A2B3C4D5E6FC4 /* Coordinator.swift in Sources */,
				5A0D1B6A1F1D4F1A8E1A2B3C4D5E6FC5 /* RaceServiceProtocol.swift in Sources */,
				5A0D1B6A1F1D4F1A8E1A2B3C4D5E6FC6 /* DriverServiceProtocol.swift in Sources */,
				5A0D1B6A1F1D4F1A8E1A2B3C4D5E6FC7 /* RaceService.swift in Sources */,
				5A0D1B6A1F1D4F1A8E1A2B3C4D5E6FC8 /* DriverService.swift in Sources */,
				5A0D1B6A1F1D4F1A8E1A2B3C4D5E6FC9 /* RaceListViewModel.swift in Sources */,
				5A0D1B6A1F1D4F1A8E1A2B3C4D5E6FCA /* RaceDetailViewModel.swift in Sources */,
				5A0D1B6A1F1D4F1A8E1A2B3C4D5E6FCB /* DriverListViewModel.swift in Sources */,
				5A0D1B6A1F1D4F1A8E1A2B3C4D5E6FCC /* DriverDetailViewModel.swift in Sources */,
				5A0D1B6A1F1D4F1A8E1A2B3C4D5E6FCD /* RaceListView.swift in Sources */,
				5A0D1B6A1F1D4F1A8E1A2B3C4D5E6FCE /* RaceDetailView.swift in Sources */,
				5A0D1B6A1F1D4F1A8E1A2B3C4D5E6FCF /* DriverListView.swift in Sources */,
				5A0D1B6A1F1D4F1A8E1A2B3C4D5E6FD0 /* DriverDetailView.swift in Sources */,
				5A0D1B6A2F1D4F1A8E1A2B3C4D5E8000 /* Theme.swift in Sources */,
				5A0D1B6A2F1D4F1A8E1A2B3C4D5E8001 /* F1Colors.swift in Sources */,
				5A0D1B6A2F1D4F1A8E1A2B3C4D5E8002 /* GlassCard.swift in Sources */,
				5A0D1B6A2F1D4F1A8E1A2B3C4D5E8003 /* ConstructorColorBar.swift in Sources */,
				5A0D1B6A2F1D4F1A8E1A2B3C4D5E8004 /* PositionBadge.swift in Sources */,
				5A0D1B6A2F1D4F1A8E1A2B3C4D5E8005 /* PointsBar.swift in Sources */,
				5A0D1B6A2F1D4F1A8E1A2B3C4D5E8006 /* PodiumView.swift in Sources */,
				5A0D1B6A2F1D4F1A8E1A2B3C4D5E8007 /* CountdownView.swift in Sources */,
				5A0D1B6A2F1D4F1A8E1A2B3C4D5E8008 /* DriverPhotoView.swift in Sources */,
				5A0D1B6A2F1D4F1A8E1A2B3C4D5E8009 /* Constructor.swift in Sources */,
				5A0D1B6A2F1D4F1A8E1A2B3C4D5E800A /* ConstructorStanding.swift in Sources */,
				5A0D1B6A2F1D4F1A8E1A2B3C4D5E800B /* NewsArticle.swift in Sources */,
				5A0D1B6A2F1D4F1A8E1A2B3C4D5E800C /* ConstructorServiceProtocol.swift in Sources */,
				5A0D1B6A2F1D4F1A8E1A2B3C4D5E800D /* ConstructorService.swift in Sources */,
				5A0D1B6A2F1D4F1A8E1A2B3C4D5E800E /* ConstructorStandingsViewModel.swift in Sources */,
				5A0D1B6A2F1D4F1A8E1A2B3C4D5E800F /* NewsViewModel.swift in Sources */,
				5A0D1B6A2F1D4F1A8E1A2B3C4D5E8010 /* ConstructorStandingsView.swift in Sources */,
				5A0D1B6A2F1D4F1A8E1A2B3C4D5E8011 /* ConstructorDetailView.swift in Sources */,
				5A0D1B6A2F1D4F1A8E1A2B3C4D5E8012 /* NewsListView.swift in Sources */,
				5A0D1B6A2F1D4F1A8E1A2B3C4D5E8013 /* MockData.swift in Sources */,
				5A0D1B6A2F1D4F1A8E1A2B3C4D5E8014 /* SplashScreenView.swift in Sources */,
				5A0D1B6A2F1D4F1A8E1A2B3C4D5E8015 /* F1Media.swift in Sources */,
				5A0D1B6A2F1D4F1A8E1A2B3C4D5E8016 /* F1LogoShape.swift in Sources */,
				5A0D1B6A2F1D4F1A8E1A2B3C4D5E8018 /* Localization.swift in Sources */,
				5A0D1B6A2F1D4F1A8E1A2B3C4D5E8020 /* APIClient.swift in Sources */,				5A0D1B6A2F1D4F1A8E1A2B3C4D5E8022 /* NewsServiceProtocol.swift in Sources */,
				5A0D1B6A2F1D4F1A8E1A2B3C4D5E8023 /* NewsService.swift in Sources */,
				5A0D1B6A2F1D4F1A8E1A2B3C4D5E8024 /* CircuitTrackView.swift in Sources */,
				5A0D1B6A2F1D4F1A8E1A2B3C4D5E8029 /* SideMenu.swift in Sources */,
				5A0D1B6A2F1D4F1A8E1A2B3C4D5E8028 /* ConstructorDetailViewModel.swift in Sources */,
				D6E6A5976194A13C02AE2BD0 /* VideoItem.swift in Sources */,
				EAB20F4164E616DB1E646F45 /* YouTubeService.swift in Sources */,
				E93C694710AA4F8AAB227673 /* JolpicaRaceModels.swift in Sources */,
				BD37B6ACBE084E8DADFC5E7D /* JolpicaStandingsModels.swift in Sources */,
				7FF3FD8FC48C4CDF89FA50D8 /* F1DBRoot.swift in Sources */,
				8913A26D05334012A7E3D52B /* F1DBDriver.swift in Sources */,
				82A246781F1A494591F6CA07 /* F1DBConstructor.swift in Sources */,
				4790EB1256454B7BA15C9664 /* F1DBCircuit.swift in Sources */,
				A3D359D7759A47F0909E75FC /* F1DBGrandPrix.swift in Sources */,
				1DECB60D746443E6A1658126 /* F1DBRace.swift in Sources */,
				70D40457003341489AE01566 /* F1DBSeason.swift in Sources */,
				F33F611ADF8B4C57A1371571 /* F1DBGeography.swift in Sources */,
				376564B717DD4FFD9B59E7EB /* F1DBSupport.swift in Sources */,
				4B5D2043F5474904B5828382 /* RaceCircuitView.swift in Sources */,
				F51AB33CBF4B4CC4A993F67D /* RaceWinnerCard.swift in Sources */,
				C4BB4B20F71941BC9A512EC7 /* RaceFastestLapCard.swift in Sources */,
				AAF98A15AF8245E69841C0E3 /* RaceDetailsCard.swift in Sources */,
				4B489330B49C4B31AF038FE0 /* RaceResultsTable.swift in Sources */,
				8A64CB41699449DFAE255AE8 /* RaceGridComparisonView.swift in Sources */,
				A293D2DF1E984865BA85A69A /* RaceMediaSection.swift in Sources */,
				D6465E876CA34792B27077F8 /* RaceHeaderView.swift in Sources */,
				15B0BB1EC19911A3F447DEC7 /* F1DBService.swift in Sources */,
				2016E6C6DFAA5FAE94A11EB9 /* F1DBService+Shared.swift in Sources */,
				A84466CE15A0CC84538FD987 /* F1DBDriverSections.swift in Sources */,
				8B8AC7A41328CA6E80124B46 /* F1DBConstructorSections.swift in Sources */,
				B8863F1171CB0611B5E00903 /* F1DBRaceSections.swift in Sources */,
				044E3CFA6B82468DB99AEFFDD956332D /* LoadState.swift in Sources */,
				C4613A0197EA48B390B108208178AFBB /* PreviewData.swift in Sources */,
				048E16CC380B47B19B3752E432AD7C36 /* PreviewWrapper.swift in Sources */,
				965E7A4BAB7743D9A73ECEF85A3CDCCE /* F1DBPredictor.swift in Sources */,
				9E8A7B6C5D4E3F2A1B0C9D8E /* AIPredictionService.swift in Sources */,
				0D76980E63A444C6BFB342F0659F1FEB /* Summarizer.swift in Sources */,
				5380FE6CB09149189910E0DAF954B431 /* PredictionCard.swift in Sources */,
		F1E2D3C4B5A69876543210FE /* AISettingsView.swift in Sources */,
			);
			runOnlyForDeploymentPostprocessing = 0;
		};
/* End PBXSourcesBuildPhase section */

/* Begin XCBuildConfiguration section */
		5A0D1B6A1F1D4F1A8E1A2B3C4D5E6F80 /* Debug */ = {
			isa = XCBuildConfiguration;
			buildSettings = {
				ALWAYS_SEARCH_USER_PATHS = NO;
				ASSETCATALOG_COMPILER_GENERATE_SWIFT_ASSET_SYMBOL_EXTENSIONS = YES;
				CLANG_ANALYZER_NONNULL = YES;
				CLANG_CXX_LANGUAGE_STANDARD = "gnu++20";
				CLANG_ENABLE_MODULES = YES;
				CLANG_ENABLE_OBJC_ARC = YES;
				COPY_PHASE_STRIP = NO;
				DEBUG_INFORMATION_FORMAT = dwarf;
				ENABLE_STRICT_OBJC_MSGSEND = YES;
				ENABLE_TESTABILITY = YES;
				GCC_DYNAMIC_NO_PIC = NO;
				GCC_OPTIMIZATION_LEVEL = 0;
				GCC_PREPROCESSOR_DEFINITIONS = (
					"DEBUG=1",
					"$(inherited)",
				);
				IPHONEOS_DEPLOYMENT_TARGET = 17.0;
				MTL_ENABLE_DEBUG_INFO = INCLUDE_SOURCE;
				ONLY_ACTIVE_ARCH = YES;
				SDKROOT = iphoneos;
				SWIFT_ACTIVE_COMPILATION_CONDITIONS = "$(inherited) DEBUG";
				SWIFT_OPTIMIZATION_LEVEL = "-Onone";
			};
			name = Debug;
		};
		5A0D1B6A1F1D4F1A8E1A2B3C4D5E6F81 /* Release */ = {
			isa = XCBuildConfiguration;
			buildSettings = {
				ALWAYS_SEARCH_USER_PATHS = NO;
				ASSETCATALOG_COMPILER_GENERATE_SWIFT_ASSET_SYMBOL_EXTENSIONS = YES;
				CLANG_ANALYZER_NONNULL = YES;
				CLANG_CXX_LANGUAGE_STANDARD = "gnu++20";
				CLANG_ENABLE_MODULES = YES;
				CLANG_ENABLE_OBJC_ARC = YES;
				COPY_PHASE_STRIP = NO;
				DEBUG_INFORMATION_FORMAT = "dwarf-with-dsym";
				ENABLE_NS_ASSERTIONS = NO;
				ENABLE_STRICT_OBJC_MSGSEND = YES;
				GCC_OPTIMIZATION_LEVEL = s;
				IPHONEOS_DEPLOYMENT_TARGET = 17.0;
				MTL_ENABLE_DEBUG_INFO = NO;
				SDKROOT = iphoneos;
				SWIFT_COMPILATION_MODE = wholemodule;
				SWIFT_OPTIMIZATION_LEVEL = "-O";
				VALIDATE_PRODUCT = YES;
			};
			name = Release;
		};
		5A0D1B6A1F1D4F1A8E1A2B3C4D5E6F83 /* Debug */ = {
			isa = XCBuildConfiguration;
			buildSettings = {
				ASSETCATALOG_COMPILER_APPICON_NAME = AppIcon;
				ASSETCATALOG_COMPILER_GLOBAL_ACCENT_COLOR_NAME = AccentColor;
				CODE_SIGN_STYLE = Automatic;
				CURRENT_PROJECT_VERSION = 1;
				GENERATE_INFOPLIST_FILE = YES;
				INFOPLIST_FILE = Formula1/Resources/Info.plist;
				INFOPLIST_KEY_UIApplicationSceneManifest_Generation = YES;
				INFOPLIST_KEY_UIApplicationSupportsIndirectInputEvents = YES;
				INFOPLIST_KEY_UILaunchScreen_Generation = NO;
				INFOPLIST_KEY_UILaunchStoryboardName = LaunchScreen;
				INFOPLIST_KEY_UISupportedInterfaceOrientations_iPad = "UIInterfaceOrientationPortrait UIInterfaceOrientationPortraitUpsideDown UIInterfaceOrientationLandscapeLeft UIInterfaceOrientationLandscapeRight";
				INFOPLIST_KEY_UISupportedInterfaceOrientations_iPhone = "UIInterfaceOrientationPortrait UIInterfaceOrientationLandscapeLeft UIInterfaceOrientationLandscapeRight";
				MARKETING_VERSION = 1.0;
				PRODUCT_BUNDLE_IDENTIFIER = com.formula1.app;
				PRODUCT_NAME = "$(TARGET_NAME)";
				SWIFT_EMIT_LOC_STRINGS = YES;
				SWIFT_VERSION = 5.0;
				TARGETED_DEVICE_FAMILY = "1,2";
			};
			name = Debug;
		};
		5A0D1B6A1F1D4F1A8E1A2B3C4D5E6F84 /* Release */ = {
			isa = XCBuildConfiguration;
			buildSettings = {
				ASSETCATALOG_COMPILER_APPICON_NAME = AppIcon;
				ASSETCATALOG_COMPILER_GLOBAL_ACCENT_COLOR_NAME = AccentColor;
				CODE_SIGN_STYLE = Automatic;
				CURRENT_PROJECT_VERSION = 1;
				GENERATE_INFOPLIST_FILE = YES;
				INFOPLIST_FILE = Formula1/Resources/Info.plist;
				INFOPLIST_KEY_UIApplicationSceneManifest_Generation = YES;
				INFOPLIST_KEY_UIApplicationSupportsIndirectInputEvents = YES;
				INFOPLIST_KEY_UILaunchScreen_Generation = NO;
				INFOPLIST_KEY_UILaunchStoryboardName = LaunchScreen;
				INFOPLIST_KEY_UISupportedInterfaceOrientations_iPad = "UIInterfaceOrientationPortrait UIInterfaceOrientationPortraitUpsideDown UIInterfaceOrientationLandscapeLeft UIInterfaceOrientationLandscapeRight";
				INFOPLIST_KEY_UISupportedInterfaceOrientations_iPhone = "UIInterfaceOrientationPortrait UIInterfaceOrientationLandscapeLeft UIInterfaceOrientationLandscapeRight";
				MARKETING_VERSION = 1.0;
				PRODUCT_BUNDLE_IDENTIFIER = com.formula1.app;
				PRODUCT_NAME = "$(TARGET_NAME)";
				SWIFT_EMIT_LOC_STRINGS = YES;
				SWIFT_VERSION = 5.0;
				TARGETED_DEVICE_FAMILY = "1,2";
			};
			name = Release;
		};
/* End XCBuildConfiguration section */

/* Begin XCConfigurationList section */
		5A0D1B6A1F1D4F1A8E1A2B3C4D5E6F82 /* Build configuration list for PBXProject "Formula1" */ = {
			isa = XCConfigurationList;
			buildConfigurations = (
				5A0D1B6A1F1D4F1A8E1A2B3C4D5E6F80 /* Debug */,
				5A0D1B6A1F1D4F1A8E1A2B3C4D5E6F81 /* Release */,
			);
			defaultConfigurationIsVisible = 0;
			defaultConfigurationName = Release;
		};
		5A0D1B6A1F1D4F1A8E1A2B3C4D5E6F85 /* Build configuration list for PBXNativeTarget "Formula1" */ = {
			isa = XCConfigurationList;
			buildConfigurations = (
				5A0D1B6A1F1D4F1A8E1A2B3C4D5E6F83 /* Debug */,
				5A0D1B6A1F1D4F1A8E1A2B3C4D5E6F84 /* Release */,
			);
			defaultConfigurationIsVisible = 0;
			defaultConfigurationName = Release;
		};
/* End XCConfigurationList section */

/* Begin XCRemoteSwiftPackageReference section */
		5A0D1B6A2F1D4F1A8E1A2B3C4D5E9000 /* XCRemoteSwiftPackageReference "Kingfisher" */ = {
			isa = XCRemoteSwiftPackageReference;
			repositoryURL = "https://github.com/onevcat/Kingfisher.git";
			requirement = {
				kind = upToNextMajorVersion;
				minimumVersion = 8.0.0;
			};
		};
		5A0D1B6A2F1D4F1A8E1A2B3C4D5E9002 /* XCRemoteSwiftPackageReference "Alamofire" */ = {
			isa = XCRemoteSwiftPackageReference;
			repositoryURL = "https://github.com/Alamofire/Alamofire.git";
			requirement = {
				kind = upToNextMajorVersion;
				minimumVersion = 5.9.0;
			};
		};
		5A0D1B6A2F1D4F1A8E1A2B3C4D5E9004 /* XCRemoteSwiftPackageReference "FeedKit" */ = {
			isa = XCRemoteSwiftPackageReference;
			repositoryURL = "https://github.com/nmdias/FeedKit.git";
			requirement = {
				kind = upToNextMajorVersion;
				minimumVersion = 9.1.0;
			};
		};
/* End XCRemoteSwiftPackageReference section */

/* Begin XCSwiftPackageProductDependency section */
		5A0D1B6A2F1D4F1A8E1A2B3C4D5E9001 /* Kingfisher */ = {
			isa = XCSwiftPackageProductDependency;
			package = 5A0D1B6A2F1D4F1A8E1A2B3C4D5E9000 /* XCRemoteSwiftPackageReference "Kingfisher" */;
			productName = Kingfisher;
		};
		5A0D1B6A2F1D4F1A8E1A2B3C4D5E9003 /* Alamofire */ = {
			isa = XCSwiftPackageProductDependency;
			package = 5A0D1B6A2F1D4F1A8E1A2B3C4D5E9002 /* XCRemoteSwiftPackageReference "Alamofire" */;
			productName = Alamofire;
		};
		5A0D1B6A2F1D4F1A8E1A2B3C4D5E9005 /* FeedKit */ = {
			isa = XCSwiftPackageProductDependency;
			package = 5A0D1B6A2F1D4F1A8E1A2B3C4D5E9004 /* XCRemoteSwiftPackageReference "FeedKit" */;
			productName = FeedKit;
		};
/* End XCSwiftPackageProductDependency section */
	};
	rootObject = 5A0D1B6A1F1D4F1A8E1A2B3C4D5E6F7A /* Project object */;
}
